
Microsoft Visual Studio Solution File, Format Version 12.00
# Visual Studio Version 17
VisualStudioVersion = 17.1.32328.378
MinimumVisualStudioVersion = 10.0.40219.1
Project("{9A19103F-16F7-4668-BE54-9A1E7A4F7556}") = "FinalApi", "FinalApi\FinalApi.csproj", "{571D2653-F520-4978-B487-376A8FA0917A}"
EndProject
Project("{FAE04EC0-301F-11D3-BF4B-00C04F79EFBC}") = "FinalApiTest", "FinalApiTest\FinalApiTest.csproj", "{BC2F523E-5EE9-4A08-BF4B-075466B2114B}"
EndProject
Global
	GlobalSection(SolutionConfigurationPlatforms) = preSolution
		Debug|Any CPU = Debug|Any CPU
		Release|Any CPU = Release|Any CPU
	EndGlobalSection
	GlobalSection(ProjectConfigurationPlatforms) = postSolution
		{571D2653-F520-4978-B487-376A8FA0917A}.Debug|Any CPU.ActiveCfg = Debug|Any CPU
		{571D2653-F520-4978-B487-376A8FA0917A}.Debug|Any CPU.Build.0 = Debug|Any CPU
		{571D2653-F520-4978-B487-376A8FA0917A}.Release|Any CPU.ActiveCfg = Release|Any CPU
		{571D2653-F520-4978-B487-376A8FA0917A}.Release|Any CPU.Build.0 = Release|Any CPU
		{BC2F523E-5EE9-4A08-BF4B-075466B2114B}.Debug|Any CPU.ActiveCfg = Debug|Any CPU
		{BC2F523E-5EE9-4A08-BF4B-075466B2114B}.Debug|Any CPU.Build.0 = Debug|Any CPU
		{BC2F523E-5EE9-4A08-BF4B-075466B2114B}.Release|Any CPU.ActiveCfg = Release|Any CPU
		{BC2F523E-5EE9-4A08-BF4B-075466B2114B}.Release|Any CPU.Build.0 = Release|Any CPU
	EndGlobalSection
	GlobalSection(SolutionProperties) = preSolution
		HideSolutionNode = FALSE
	EndGlobalSection
	GlobalSection(ExtensibilityGlobals) = postSolution
		SolutionGuid = {67F91EC4-F8F5-42E7-B204-01A776D648EF}
	EndGlobalSection
EndGlobal
